
Microsoft Visual Studio Solution File, Format Version 12.00
Project("{FAE04EC0-301F-11D3-BF4B-00C04F79EFBC}") = "AdventOfCode", "AdventOfCode\AdventOfCode.csproj", "{EE031F07-438D-41BB-A2F1-F319893EAFDF}"
EndProject
Project("{FAE04EC0-301F-11D3-BF4B-00C04F79EFBC}") = "AdventOfCode.Tests", "AdventOfCode.Tests\AdventOfCode.Tests.csproj", "{73FFC5C4-3526-431A-A4A0-A0572EBCAD83}"
EndProject
Global
	GlobalSection(SolutionConfigurationPlatforms) = preSolution
		Debug|Any CPU = Debug|Any CPU
		Release|Any CPU = Release|Any CPU
	EndGlobalSection
	GlobalSection(ProjectConfigurationPlatforms) = postSolution
		{EE031F07-438D-41BB-A2F1-F319893EAFDF}.Debug|Any CPU.ActiveCfg = Debug|Any CPU
		{EE031F07-438D-41BB-A2F1-F319893EAFDF}.Debug|Any CPU.Build.0 = Debug|Any CPU
		{EE031F07-438D-41BB-A2F1-F319893EAFDF}.Release|Any CPU.ActiveCfg = Release|Any CPU
		{EE031F07-438D-41BB-A2F1-F319893EAFDF}.Release|Any CPU.Build.0 = Release|Any CPU
		{73FFC5C4-3526-431A-A4A0-A0572EBCAD83}.Debug|Any CPU.ActiveCfg = Debug|Any CPU
		{73FFC5C4-3526-431A-A4A0-A0572EBCAD83}.Debug|Any CPU.Build.0 = Debug|Any CPU
		{73FFC5C4-3526-431A-A4A0-A0572EBCAD83}.Release|Any CPU.ActiveCfg = Release|Any CPU
		{73FFC5C4-3526-431A-A4A0-A0572EBCAD83}.Release|Any CPU.Build.0 = Release|Any CPU
	EndGlobalSection
EndGlobal
